PODS:
  - razorpay-core-pod (1.0.3)
  - razorpay-pod (1.5.1):
    - razorpay-core-pod (= 1.0.3)

DEPENDENCIES:
  - razorpay-pod (from `.`)

SPEC REPOS:
  trunk:
    - razorpay-core-pod

EXTERNAL SOURCES:
  razorpay-pod:
    :path: "."

SPEC CHECKSUMS:
  razorpay-core-pod: ef0309dbf8e3e5a1330f6cad89dcf9226d8ef758
  razorpay-pod: b510edf1e4ff7f1955dec9c2ac6f38f5e45873b0

PODFILE CHECKSUM: 1b2708cb97375cabecc890ea1b253cc656074903

COCOAPODS: 1.16.2
